
Microsoft Visual Studio Solution File, Format Version 12.00
# Visual Studio Version 16
VisualStudioVersion = 16.0.28407.52
MinimumVisualStudioVersion = 10.0.40219.1
Project("{9A19103F-16F7-4668-BE54-9A1E7A4F7556}") = "Piedpiper.Framework", "Piedpiper.Framework\Piedpiper.Framework.csproj", "{329A2B3F-E175-47F1-B012-9CD28FF33E50}"
EndProject
Project("{9A19103F-16F7-4668-BE54-9A1E7A4F7556}") = "Piedpiper.Domain", "Piedpiper.Domain\Piedpiper.Domain.csproj", "{B59095F8-FF3E-41D7-8B78-3DFF61229033}"
EndProject
Project("{9A19103F-16F7-4668-BE54-9A1E7A4F7556}") = "Piedpiper.Host", "Piedpiper.Host\Piedpiper.Host.csproj", "{9C1C3C44-647F-4961-9575-36259FCBB208}"
EndProject
Project("{FAE04EC0-301F-11D3-BF4B-00C04F79EFBC}") = "Piedpiper.Infrastructure", "Piedpiper.Infrastructure\Piedpiper.Infrastructure.csproj", "{682AB07F-B218-415C-A04D-7504CDBF76C1}"
EndProject
Global
	GlobalSection(SolutionConfigurationPlatforms) = preSolution
		Debug|Any CPU = Debug|Any CPU
		Release|Any CPU = Release|Any CPU
	EndGlobalSection
	GlobalSection(ProjectConfigurationPlatforms) = postSolution
		{329A2B3F-E175-47F1-B012-9CD28FF33E50}.Debug|Any CPU.ActiveCfg = Debug|Any CPU
		{329A2B3F-E175-47F1-B012-9CD28FF33E50}.Debug|Any CPU.Build.0 = Debug|Any CPU
		{329A2B3F-E175-47F1-B012-9CD28FF33E50}.Release|Any CPU.ActiveCfg = Release|Any CPU
		{329A2B3F-E175-47F1-B012-9CD28FF33E50}.Release|Any CPU.Build.0 = Release|Any CPU
		{B59095F8-FF3E-41D7-8B78-3DFF61229033}.Debug|Any CPU.ActiveCfg = Debug|Any CPU
		{B59095F8-FF3E-41D7-8B78-3DFF61229033}.Debug|Any CPU.Build.0 = Debug|Any CPU
		{B59095F8-FF3E-41D7-8B78-3DFF61229033}.Release|Any CPU.ActiveCfg = Release|Any CPU
		{B59095F8-FF3E-41D7-8B78-3DFF61229033}.Release|Any CPU.Build.0 = Release|Any CPU
		{9C1C3C44-647F-4961-9575-36259FCBB208}.Debug|Any CPU.ActiveCfg = Debug|Any CPU
		{9C1C3C44-647F-4961-9575-36259FCBB208}.Debug|Any CPU.Build.0 = Debug|Any CPU
		{9C1C3C44-647F-4961-9575-36259FCBB208}.Release|Any CPU.ActiveCfg = Release|Any CPU
		{9C1C3C44-647F-4961-9575-36259FCBB208}.Release|Any CPU.Build.0 = Release|Any CPU
		{682AB07F-B218-415C-A04D-7504CDBF76C1}.Debug|Any CPU.ActiveCfg = Debug|Any CPU
		{682AB07F-B218-415C-A04D-7504CDBF76C1}.Debug|Any CPU.Build.0 = Debug|Any CPU
		{682AB07F-B218-415C-A04D-7504CDBF76C1}.Release|Any CPU.ActiveCfg = Release|Any CPU
		{682AB07F-B218-415C-A04D-7504CDBF76C1}.Release|Any CPU.Build.0 = Release|Any CPU
	EndGlobalSection
	GlobalSection(SolutionProperties) = preSolution
		HideSolutionNode = FALSE
	EndGlobalSection
	GlobalSection(ExtensibilityGlobals) = postSolution
		SolutionGuid = {E7ABCBE0-BCEC-4C10-8361-C1D3512DE62C}
	EndGlobalSection
EndGlobal
